
Microsoft Visual Studio Solution File, Format Version 12.00
# Visual Studio 15
Project("{FAE04EC0-301F-11D3-BF4B-00C04F79EFBC}") = "Record360Android", "Record360Android\Record360Android.csproj", "{FEA10478-1987-4CBB-96B7-AE87A1082F36}"
EndProject
Project("{FAE04EC0-301F-11D3-BF4B-00C04F79EFBC}") = "Record360Demo", "Record360Demo\Record360Demo.csproj", "{4770FBC3-234F-40A3-B807-7D1943FDC604}"
EndProject
Global
	GlobalSection(SolutionConfigurationPlatforms) = preSolution
		Debug|Any CPU = Debug|Any CPU
		Release|Any CPU = Release|Any CPU
	EndGlobalSection
	GlobalSection(ProjectConfigurationPlatforms) = postSolution
		{FEA10478-1987-4CBB-96B7-AE87A1082F36}.Debug|Any CPU.ActiveCfg = Debug|Any CPU
		{FEA10478-1987-4CBB-96B7-AE87A1082F36}.Debug|Any CPU.Build.0 = Debug|Any CPU
		{FEA10478-1987-4CBB-96B7-AE87A1082F36}.Release|Any CPU.ActiveCfg = Release|Any CPU
		{FEA10478-1987-4CBB-96B7-AE87A1082F36}.Release|Any CPU.Build.0 = Release|Any CPU
		{4770FBC3-234F-40A3-B807-7D1943FDC604}.Debug|Any CPU.ActiveCfg = Debug|Any CPU
		{4770FBC3-234F-40A3-B807-7D1943FDC604}.Debug|Any CPU.Build.0 = Debug|Any CPU
		{4770FBC3-234F-40A3-B807-7D1943FDC604}.Release|Any CPU.ActiveCfg = Release|Any CPU
		{4770FBC3-234F-40A3-B807-7D1943FDC604}.Release|Any CPU.Build.0 = Release|Any CPU
	EndGlobalSection
EndGlobal
